
Microsoft Visual Studio Solution File, Format Version 12.00
# Visual Studio Version 16
VisualStudioVersion = 16.0.28407.52
MinimumVisualStudioVersion = 10.0.40219.1
Project("{FAE04EC0-301F-11D3-BF4B-00C04F79EFBC}") = "GraphQL-SimpleTalk", "GraphQL-SimpleTalk\GraphQL-SimpleTalk.csproj", "{B10E0E19-0621-4D55-AE6B-53EBA8269466}"
EndProject
Global
	GlobalSection(SolutionConfigurationPlatforms) = preSolution
		Debug|Any CPU = Debug|Any CPU
		Release|Any CPU = Release|Any CPU
	EndGlobalSection
	GlobalSection(ProjectConfigurationPlatforms) = postSolution
		{B10E0E19-0621-4D55-AE6B-53EBA8269466}.Debug|Any CPU.ActiveCfg = Debug|Any CPU
		{B10E0E19-0621-4D55-AE6B-53EBA8269466}.Debug|Any CPU.Build.0 = Debug|Any CPU
		{B10E0E19-0621-4D55-AE6B-53EBA8269466}.Release|Any CPU.ActiveCfg = Release|Any CPU
		{B10E0E19-0621-4D55-AE6B-53EBA8269466}.Release|Any CPU.Build.0 = Release|Any CPU
	EndGlobalSection
	GlobalSection(SolutionProperties) = preSolution
		HideSolutionNode = FALSE
	EndGlobalSection
	GlobalSection(ExtensibilityGlobals) = postSolution
		SolutionGuid = {3BFCD4F2-40DC-4273-A9DA-5F6A263805AD}
	EndGlobalSection
EndGlobal
